
Microsoft Visual Studio Solution File, Format Version 12.00
# Visual Studio Version 16
VisualStudioVersion = 16.0.32002.261
MinimumVisualStudioVersion = 10.0.40219.1
Project("{FAE04EC0-301F-11D3-BF4B-00C04F79EFBC}") = "RnD.XamarinFCMClient.Android", "RnD.XamarinFCMClient\RnD.XamarinFCMClient.Android\RnD.XamarinFCMClient.Android.csproj", "{EC2AFEA9-FAC1-402B-BC3C-D455211A6C06}"
EndProject
Project("{FAE04EC0-301F-11D3-BF4B-00C04F79EFBC}") = "RnD.XamarinFCMClient.iOS", "RnD.XamarinFCMClient\RnD.XamarinFCMClient.iOS\RnD.XamarinFCMClient.iOS.csproj", "{BAF5CA4F-11B9-4E81-9A0E-1A1B1C85BABC}"
EndProject
Project("{FAE04EC0-301F-11D3-BF4B-00C04F79EFBC}") = "RnD.XamarinFCMClient", "RnD.XamarinFCMClient\RnD.XamarinFCMClient\RnD.XamarinFCMClient.csproj", "{21AB1008-AC72-4325-8B56-08DDE66F52B7}"
EndProject
Global
	GlobalSection(SolutionConfigurationPlatforms) = preSolution
		Debug|Any CPU = Debug|Any CPU
		Debug|iPhone = Debug|iPhone
		Debug|iPhoneSimulator = Debug|iPhoneSimulator
		Release|Any CPU = Release|Any CPU
		Release|iPhone = Release|iPhone
		Release|iPhoneSimulator = Release|iPhoneSimulator
	EndGlobalSection
	GlobalSection(ProjectConfigurationPlatforms) = postSolution
		{EC2AFEA9-FAC1-402B-BC3C-D455211A6C06}.Debug|Any CPU.ActiveCfg = Debug|Any CPU
		{EC2AFEA9-FAC1-402B-BC3C-D455211A6C06}.Debug|Any CPU.Build.0 = Debug|Any CPU
		{EC2AFEA9-FAC1-402B-BC3C-D455211A6C06}.Debug|Any CPU.Deploy.0 = Debug|Any CPU
		{EC2AFEA9-FAC1-402B-BC3C-D455211A6C06}.Debug|iPhone.ActiveCfg = Debug|Any CPU
		{EC2AFEA9-FAC1-402B-BC3C-D455211A6C06}.Debug|iPhone.Build.0 = Debug|Any CPU
		{EC2AFEA9-FAC1-402B-BC3C-D455211A6C06}.Debug|iPhone.Deploy.0 = Debug|Any CPU
		{EC2AFEA9-FAC1-402B-BC3C-D455211A6C06}.Debug|iPhoneSimulator.ActiveCfg = Debug|Any CPU
		{EC2AFEA9-FAC1-402B-BC3C-D455211A6C06}.Debug|iPhoneSimulator.Build.0 = Debug|Any CPU
		{EC2AFEA9-FAC1-402B-BC3C-D455211A6C06}.Debug|iPhoneSimulator.Deploy.0 = Debug|Any CPU
		{EC2AFEA9-FAC1-402B-BC3C-D455211A6C06}.Release|Any CPU.ActiveCfg = Release|Any CPU
		{EC2AFEA9-FAC1-402B-BC3C-D455211A6C06}.Release|Any CPU.Build.0 = Release|Any CPU
		{EC2AFEA9-FAC1-402B-BC3C-D455211A6C06}.Release|Any CPU.Deploy.0 = Release|Any CPU
		{EC2AFEA9-FAC1-402B-BC3C-D455211A6C06}.Release|iPhone.ActiveCfg = Release|Any CPU
		{EC2AFEA9-FAC1-402B-BC3C-D455211A6C06}.Release|iPhone.Build.0 = Release|Any CPU
		{EC2AFEA9-FAC1-402B-BC3C-D455211A6C06}.Release|iPhone.Deploy.0 = Release|Any CPU
		{EC2AFEA9-FAC1-402B-BC3C-D455211A6C06}.Release|iPhoneSimulator.ActiveCfg = Release|Any CPU
		{EC2AFEA9-FAC1-402B-BC3C-D455211A6C06}.Release|iPhoneSimulator.Build.0 = Release|Any CPU
		{EC2AFEA9-FAC1-402B-BC3C-D455211A6C06}.Release|iPhoneSimulator.Deploy.0 = Release|Any CPU
		{BAF5CA4F-11B9-4E81-9A0E-1A1B1C85BABC}.Debug|Any CPU.ActiveCfg = Debug|iPhone
		{BAF5CA4F-11B9-4E81-9A0E-1A1B1C85BABC}.Debug|Any CPU.Build.0 = Debug|iPhone
		{BAF5CA4F-11B9-4E81-9A0E-1A1B1C85BABC}.Debug|Any CPU.Deploy.0 = Debug|iPhone
		{BAF5CA4F-11B9-4E81-9A0E-1A1B1C85BABC}.Debug|iPhone.ActiveCfg = Debug|iPhone
		{BAF5CA4F-11B9-4E81-9A0E-1A1B1C85BABC}.Debug|iPhone.Build.0 = Debug|iPhone
		{BAF5CA4F-11B9-4E81-9A0E-1A1B1C85BABC}.Debug|iPhone.Deploy.0 = Debug|iPhone
		{BAF5CA4F-11B9-4E81-9A0E-1A1B1C85BABC}.Debug|iPhoneSimulator.ActiveCfg = Debug|iPhoneSimulator
		{BAF5CA4F-11B9-4E81-9A0E-1A1B1C85BABC}.Debug|iPhoneSimulator.Build.0 = Debug|iPhoneSimulator
		{BAF5CA4F-11B9-4E81-9A0E-1A1B1C85BABC}.Debug|iPhoneSimulator.Deploy.0 = Debug|iPhoneSimulator
		{BAF5CA4F-11B9-4E81-9A0E-1A1B1C85BABC}.Release|Any CPU.ActiveCfg = Release|iPhoneSimulator
		{BAF5CA4F-11B9-4E81-9A0E-1A1B1C85BABC}.Release|Any CPU.Build.0 = Release|iPhoneSimulator
		{BAF5CA4F-11B9-4E81-9A0E-1A1B1C85BABC}.Release|Any CPU.Deploy.0 = Release|iPhoneSimulator
		{BAF5CA4F-11B9-4E81-9A0E-1A1B1C85BABC}.Release|iPhone.ActiveCfg = Release|iPhone
		{BAF5CA4F-11B9-4E81-9A0E-1A1B1C85BABC}.Release|iPhone.Build.0 = Release|iPhone
		{BAF5CA4F-11B9-4E81-9A0E-1A1B1C85BABC}.Release|iPhone.Deploy.0 = Release|iPhone
		{BAF5CA4F-11B9-4E81-9A0E-1A1B1C85BABC}.Release|iPhoneSimulator.ActiveCfg = Release|iPhoneSimulator
		{BAF5CA4F-11B9-4E81-9A0E-1A1B1C85BABC}.Release|iPhoneSimulator.Build.0 = Release|iPhoneSimulator
		{BAF5CA4F-11B9-4E81-9A0E-1A1B1C85BABC}.Release|iPhoneSimulator.Deploy.0 = Release|iPhoneSimulator
		{21AB1008-AC72-4325-8B56-08DDE66F52B7}.Debug|Any CPU.ActiveCfg = Debug|Any CPU
		{21AB1008-AC72-4325-8B56-08DDE66F52B7}.Debug|Any CPU.Build.0 = Debug|Any CPU
		{21AB1008-AC72-4325-8B56-08DDE66F52B7}.Debug|Any CPU.Deploy.0 = Debug|Any CPU
		{21AB1008-AC72-4325-8B56-08DDE66F52B7}.Debug|iPhone.ActiveCfg = Debug|Any CPU
		{21AB1008-AC72-4325-8B56-08DDE66F52B7}.Debug|iPhone.Build.0 = Debug|Any CPU
		{21AB1008-AC72-4325-8B56-08DDE66F52B7}.Debug|iPhone.Deploy.0 = Debug|Any CPU
		{21AB1008-AC72-4325-8B56-08DDE66F52B7}.Debug|iPhoneSimulator.ActiveCfg = Debug|Any CPU
		{21AB1008-AC72-4325-8B56-08DDE66F52B7}.Debug|iPhoneSimulator.Build.0 = Debug|Any CPU
		{21AB1008-AC72-4325-8B56-08DDE66F52B7}.Debug|iPhoneSimulator.Deploy.0 = Debug|Any CPU
		{21AB1008-AC72-4325-8B56-08DDE66F52B7}.Release|Any CPU.ActiveCfg = Release|Any CPU
		{21AB1008-AC72-4325-8B56-08DDE66F52B7}.Release|Any CPU.Build.0 = Release|Any CPU
		{21AB1008-AC72-4325-8B56-08DDE66F52B7}.Release|Any CPU.Deploy.0 = Release|Any CPU
		{21AB1008-AC72-4325-8B56-08DDE66F52B7}.Release|iPhone.ActiveCfg = Release|Any CPU
		{21AB1008-AC72-4325-8B56-08DDE66F52B7}.Release|iPhone.Build.0 = Release|Any CPU
		{21AB1008-AC72-4325-8B56-08DDE66F52B7}.Release|iPhone.Deploy.0 = Release|Any CPU
		{21AB1008-AC72-4325-8B56-08DDE66F52B7}.Release|iPhoneSimulator.ActiveCfg = Release|Any CPU
		{21AB1008-AC72-4325-8B56-08DDE66F52B7}.Release|iPhoneSimulator.Build.0 = Release|Any CPU
		{21AB1008-AC72-4325-8B56-08DDE66F52B7}.Release|iPhoneSimulator.Deploy.0 = Release|Any CPU
	EndGlobalSection
	GlobalSection(SolutionProperties) = preSolution
		HideSolutionNode = FALSE
	EndGlobalSection
	GlobalSection(ExtensibilityGlobals) = postSolution
		SolutionGuid = {109E0676-61DB-4783-A9D0-E649D202C60C}
	EndGlobalSection
EndGlobal
