
Microsoft Visual Studio Solution File, Format Version 12.00
# Visual Studio Version 16
VisualStudioVersion = 16.0.32002.261
MinimumVisualStudioVersion = 10.0.40219.1
Project("{FAE04EC0-301F-11D3-BF4B-00C04F79EFBC}") = "lab.FCMWeb", "lab.FCMWeb\lab.FCMWeb.csproj", "{FDDF7047-C741-4AC5-B37D-1E6530F8D4CB}"
EndProject
Global
	GlobalSection(SolutionConfigurationPlatforms) = preSolution
		Debug|Any CPU = Debug|Any CPU
		Release|Any CPU = Release|Any CPU
	EndGlobalSection
	GlobalSection(ProjectConfigurationPlatforms) = postSolution
		{FDDF7047-C741-4AC5-B37D-1E6530F8D4CB}.Debug|Any CPU.ActiveCfg = Debug|Any CPU
		{FDDF7047-C741-4AC5-B37D-1E6530F8D4CB}.Debug|Any CPU.Build.0 = Debug|Any CPU
		{FDDF7047-C741-4AC5-B37D-1E6530F8D4CB}.Release|Any CPU.ActiveCfg = Release|Any CPU
		{FDDF7047-C741-4AC5-B37D-1E6530F8D4CB}.Release|Any CPU.Build.0 = Release|Any CPU
	EndGlobalSection
	GlobalSection(SolutionProperties) = preSolution
		HideSolutionNode = FALSE
	EndGlobalSection
	GlobalSection(ExtensibilityGlobals) = postSolution
		SolutionGuid = {7FDE2809-ADC5-4D61-9787-28D16255C9D4}
	EndGlobalSection
EndGlobal
