
Microsoft Visual Studio Solution File, Format Version 12.00
# Visual Studio Version 16
VisualStudioVersion = 16.0.32126.315
MinimumVisualStudioVersion = 10.0.40219.1
Project("{FAE04EC0-301F-11D3-BF4B-00C04F79EFBC}") = "XFirebaseRemote.Android", "XFirebaseRemote\XFirebaseRemote.Android\XFirebaseRemote.Android.csproj", "{7554CD99-9BC3-41C5-86F6-A6807A2CE2DE}"
EndProject
Project("{FAE04EC0-301F-11D3-BF4B-00C04F79EFBC}") = "XFirebaseRemote.iOS", "XFirebaseRemote\XFirebaseRemote.iOS\XFirebaseRemote.iOS.csproj", "{B1F5C9F6-05C9-40FE-8062-FC80C1DE0645}"
EndProject
Project("{FAE04EC0-301F-11D3-BF4B-00C04F79EFBC}") = "XFirebaseRemote", "XFirebaseRemote\XFirebaseRemote\XFirebaseRemote.csproj", "{3B432DEB-4DA7-4651-B1E3-356917D0C682}"
EndProject
Global
	GlobalSection(SolutionConfigurationPlatforms) = preSolution
		Debug|Any CPU = Debug|Any CPU
		Debug|iPhone = Debug|iPhone
		Debug|iPhoneSimulator = Debug|iPhoneSimulator
		Release|Any CPU = Release|Any CPU
		Release|iPhone = Release|iPhone
		Release|iPhoneSimulator = Release|iPhoneSimulator
	EndGlobalSection
	GlobalSection(ProjectConfigurationPlatforms) = postSolution
		{7554CD99-9BC3-41C5-86F6-A6807A2CE2DE}.Debug|Any CPU.ActiveCfg = Debug|Any CPU
		{7554CD99-9BC3-41C5-86F6-A6807A2CE2DE}.Debug|Any CPU.Build.0 = Debug|Any CPU
		{7554CD99-9BC3-41C5-86F6-A6807A2CE2DE}.Debug|Any CPU.Deploy.0 = Debug|Any CPU
		{7554CD99-9BC3-41C5-86F6-A6807A2CE2DE}.Debug|iPhone.ActiveCfg = Debug|Any CPU
		{7554CD99-9BC3-41C5-86F6-A6807A2CE2DE}.Debug|iPhone.Build.0 = Debug|Any CPU
		{7554CD99-9BC3-41C5-86F6-A6807A2CE2DE}.Debug|iPhone.Deploy.0 = Debug|Any CPU
		{7554CD99-9BC3-41C5-86F6-A6807A2CE2DE}.Debug|iPhoneSimulator.ActiveCfg = Debug|Any CPU
		{7554CD99-9BC3-41C5-86F6-A6807A2CE2DE}.Debug|iPhoneSimulator.Build.0 = Debug|Any CPU
		{7554CD99-9BC3-41C5-86F6-A6807A2CE2DE}.Debug|iPhoneSimulator.Deploy.0 = Debug|Any CPU
		{7554CD99-9BC3-41C5-86F6-A6807A2CE2DE}.Release|Any CPU.ActiveCfg = Release|Any CPU
		{7554CD99-9BC3-41C5-86F6-A6807A2CE2DE}.Release|Any CPU.Build.0 = Release|Any CPU
		{7554CD99-9BC3-41C5-86F6-A6807A2CE2DE}.Release|Any CPU.Deploy.0 = Release|Any CPU
		{7554CD99-9BC3-41C5-86F6-A6807A2CE2DE}.Release|iPhone.ActiveCfg = Release|Any CPU
		{7554CD99-9BC3-41C5-86F6-A6807A2CE2DE}.Release|iPhone.Build.0 = Release|Any CPU
		{7554CD99-9BC3-41C5-86F6-A6807A2CE2DE}.Release|iPhone.Deploy.0 = Release|Any CPU
		{7554CD99-9BC3-41C5-86F6-A6807A2CE2DE}.Release|iPhoneSimulator.ActiveCfg = Release|Any CPU
		{7554CD99-9BC3-41C5-86F6-A6807A2CE2DE}.Release|iPhoneSimulator.Build.0 = Release|Any CPU
		{7554CD99-9BC3-41C5-86F6-A6807A2CE2DE}.Release|iPhoneSimulator.Deploy.0 = Release|Any CPU
		{B1F5C9F6-05C9-40FE-8062-FC80C1DE0645}.Debug|Any CPU.ActiveCfg = Debug|iPhone
		{B1F5C9F6-05C9-40FE-8062-FC80C1DE0645}.Debug|Any CPU.Build.0 = Debug|iPhone
		{B1F5C9F6-05C9-40FE-8062-FC80C1DE0645}.Debug|Any CPU.Deploy.0 = Debug|iPhone
		{B1F5C9F6-05C9-40FE-8062-FC80C1DE0645}.Debug|iPhone.ActiveCfg = Debug|iPhone
		{B1F5C9F6-05C9-40FE-8062-FC80C1DE0645}.Debug|iPhone.Build.0 = Debug|iPhone
		{B1F5C9F6-05C9-40FE-8062-FC80C1DE0645}.Debug|iPhone.Deploy.0 = Debug|iPhone
		{B1F5C9F6-05C9-40FE-8062-FC80C1DE0645}.Debug|iPhoneSimulator.ActiveCfg = Debug|iPhoneSimulator
		{B1F5C9F6-05C9-40FE-8062-FC80C1DE0645}.Debug|iPhoneSimulator.Build.0 = Debug|iPhoneSimulator
		{B1F5C9F6-05C9-40FE-8062-FC80C1DE0645}.Debug|iPhoneSimulator.Deploy.0 = Debug|iPhoneSimulator
		{B1F5C9F6-05C9-40FE-8062-FC80C1DE0645}.Release|Any CPU.ActiveCfg = Release|iPhoneSimulator
		{B1F5C9F6-05C9-40FE-8062-FC80C1DE0645}.Release|Any CPU.Build.0 = Release|iPhoneSimulator
		{B1F5C9F6-05C9-40FE-8062-FC80C1DE0645}.Release|Any CPU.Deploy.0 = Release|iPhoneSimulator
		{B1F5C9F6-05C9-40FE-8062-FC80C1DE0645}.Release|iPhone.ActiveCfg = Release|iPhone
		{B1F5C9F6-05C9-40FE-8062-FC80C1DE0645}.Release|iPhone.Build.0 = Release|iPhone
		{B1F5C9F6-05C9-40FE-8062-FC80C1DE0645}.Release|iPhone.Deploy.0 = Release|iPhone
		{B1F5C9F6-05C9-40FE-8062-FC80C1DE0645}.Release|iPhoneSimulator.ActiveCfg = Release|iPhoneSimulator
		{B1F5C9F6-05C9-40FE-8062-FC80C1DE0645}.Release|iPhoneSimulator.Build.0 = Release|iPhoneSimulator
		{B1F5C9F6-05C9-40FE-8062-FC80C1DE0645}.Release|iPhoneSimulator.Deploy.0 = Release|iPhoneSimulator
		{3B432DEB-4DA7-4651-B1E3-356917D0C682}.Debug|Any CPU.ActiveCfg = Debug|Any CPU
		{3B432DEB-4DA7-4651-B1E3-356917D0C682}.Debug|Any CPU.Build.0 = Debug|Any CPU
		{3B432DEB-4DA7-4651-B1E3-356917D0C682}.Debug|Any CPU.Deploy.0 = Debug|Any CPU
		{3B432DEB-4DA7-4651-B1E3-356917D0C682}.Debug|iPhone.ActiveCfg = Debug|Any CPU
		{3B432DEB-4DA7-4651-B1E3-356917D0C682}.Debug|iPhone.Build.0 = Debug|Any CPU
		{3B432DEB-4DA7-4651-B1E3-356917D0C682}.Debug|iPhone.Deploy.0 = Debug|Any CPU
		{3B432DEB-4DA7-4651-B1E3-356917D0C682}.Debug|iPhoneSimulator.ActiveCfg = Debug|Any CPU
		{3B432DEB-4DA7-4651-B1E3-356917D0C682}.Debug|iPhoneSimulator.Build.0 = Debug|Any CPU
		{3B432DEB-4DA7-4651-B1E3-356917D0C682}.Debug|iPhoneSimulator.Deploy.0 = Debug|Any CPU
		{3B432DEB-4DA7-4651-B1E3-356917D0C682}.Release|Any CPU.ActiveCfg = Release|Any CPU
		{3B432DEB-4DA7-4651-B1E3-356917D0C682}.Release|Any CPU.Build.0 = Release|Any CPU
		{3B432DEB-4DA7-4651-B1E3-356917D0C682}.Release|Any CPU.Deploy.0 = Release|Any CPU
		{3B432DEB-4DA7-4651-B1E3-356917D0C682}.Release|iPhone.ActiveCfg = Release|Any CPU
		{3B432DEB-4DA7-4651-B1E3-356917D0C682}.Release|iPhone.Build.0 = Release|Any CPU
		{3B432DEB-4DA7-4651-B1E3-356917D0C682}.Release|iPhone.Deploy.0 = Release|Any CPU
		{3B432DEB-4DA7-4651-B1E3-356917D0C682}.Release|iPhoneSimulator.ActiveCfg = Release|Any CPU
		{3B432DEB-4DA7-4651-B1E3-356917D0C682}.Release|iPhoneSimulator.Build.0 = Release|Any CPU
		{3B432DEB-4DA7-4651-B1E3-356917D0C682}.Release|iPhoneSimulator.Deploy.0 = Release|Any CPU
	EndGlobalSection
	GlobalSection(SolutionProperties) = preSolution
		HideSolutionNode = FALSE
	EndGlobalSection
	GlobalSection(ExtensibilityGlobals) = postSolution
		SolutionGuid = {233CF30E-A353-42B0-97C3-4CDA8CCB628E}
	EndGlobalSection
EndGlobal
