
Microsoft Visual Studio Solution File, Format Version 12.00
# Visual Studio Version 16
VisualStudioVersion = 16.0.32002.261
MinimumVisualStudioVersion = 10.0.40219.1
Project("{FAE04EC0-301F-11D3-BF4B-00C04F79EFBC}") = "lab.FCMPushApps.Android", "lab.FCMPushApps\lab.FCMPushApps.Android\lab.FCMPushApps.Android.csproj", "{08AA7294-A0D9-4E03-8E13-99D3E282CD5B}"
EndProject
Project("{FAE04EC0-301F-11D3-BF4B-00C04F79EFBC}") = "lab.FCMPushApps.iOS", "lab.FCMPushApps\lab.FCMPushApps.iOS\lab.FCMPushApps.iOS.csproj", "{BDF06564-AA27-4D91-98D5-9E40B58F3FEB}"
EndProject
Project("{FAE04EC0-301F-11D3-BF4B-00C04F79EFBC}") = "lab.FCMPushApps", "lab.FCMPushApps\lab.FCMPushApps\lab.FCMPushApps.csproj", "{903EFC06-5927-4C39-A8E0-A353EA29B88A}"
EndProject
Global
	GlobalSection(SolutionConfigurationPlatforms) = preSolution
		Debug|Any CPU = Debug|Any CPU
		Debug|iPhone = Debug|iPhone
		Debug|iPhoneSimulator = Debug|iPhoneSimulator
		Release|Any CPU = Release|Any CPU
		Release|iPhone = Release|iPhone
		Release|iPhoneSimulator = Release|iPhoneSimulator
	EndGlobalSection
	GlobalSection(ProjectConfigurationPlatforms) = postSolution
		{08AA7294-A0D9-4E03-8E13-99D3E282CD5B}.Debug|Any CPU.ActiveCfg = Debug|Any CPU
		{08AA7294-A0D9-4E03-8E13-99D3E282CD5B}.Debug|Any CPU.Build.0 = Debug|Any CPU
		{08AA7294-A0D9-4E03-8E13-99D3E282CD5B}.Debug|Any CPU.Deploy.0 = Debug|Any CPU
		{08AA7294-A0D9-4E03-8E13-99D3E282CD5B}.Debug|iPhone.ActiveCfg = Debug|Any CPU
		{08AA7294-A0D9-4E03-8E13-99D3E282CD5B}.Debug|iPhone.Build.0 = Debug|Any CPU
		{08AA7294-A0D9-4E03-8E13-99D3E282CD5B}.Debug|iPhone.Deploy.0 = Debug|Any CPU
		{08AA7294-A0D9-4E03-8E13-99D3E282CD5B}.Debug|iPhoneSimulator.ActiveCfg = Debug|Any CPU
		{08AA7294-A0D9-4E03-8E13-99D3E282CD5B}.Debug|iPhoneSimulator.Build.0 = Debug|Any CPU
		{08AA7294-A0D9-4E03-8E13-99D3E282CD5B}.Debug|iPhoneSimulator.Deploy.0 = Debug|Any CPU
		{08AA7294-A0D9-4E03-8E13-99D3E282CD5B}.Release|Any CPU.ActiveCfg = Release|Any CPU
		{08AA7294-A0D9-4E03-8E13-99D3E282CD5B}.Release|Any CPU.Build.0 = Release|Any CPU
		{08AA7294-A0D9-4E03-8E13-99D3E282CD5B}.Release|Any CPU.Deploy.0 = Release|Any CPU
		{08AA7294-A0D9-4E03-8E13-99D3E282CD5B}.Release|iPhone.ActiveCfg = Release|Any CPU
		{08AA7294-A0D9-4E03-8E13-99D3E282CD5B}.Release|iPhone.Build.0 = Release|Any CPU
		{08AA7294-A0D9-4E03-8E13-99D3E282CD5B}.Release|iPhone.Deploy.0 = Release|Any CPU
		{08AA7294-A0D9-4E03-8E13-99D3E282CD5B}.Release|iPhoneSimulator.ActiveCfg = Release|Any CPU
		{08AA7294-A0D9-4E03-8E13-99D3E282CD5B}.Release|iPhoneSimulator.Build.0 = Release|Any CPU
		{08AA7294-A0D9-4E03-8E13-99D3E282CD5B}.Release|iPhoneSimulator.Deploy.0 = Release|Any CPU
		{BDF06564-AA27-4D91-98D5-9E40B58F3FEB}.Debug|Any CPU.ActiveCfg = Debug|iPhone
		{BDF06564-AA27-4D91-98D5-9E40B58F3FEB}.Debug|Any CPU.Build.0 = Debug|iPhone
		{BDF06564-AA27-4D91-98D5-9E40B58F3FEB}.Debug|Any CPU.Deploy.0 = Debug|iPhone
		{BDF06564-AA27-4D91-98D5-9E40B58F3FEB}.Debug|iPhone.ActiveCfg = Debug|iPhone
		{BDF06564-AA27-4D91-98D5-9E40B58F3FEB}.Debug|iPhone.Build.0 = Debug|iPhone
		{BDF06564-AA27-4D91-98D5-9E40B58F3FEB}.Debug|iPhone.Deploy.0 = Debug|iPhone
		{BDF06564-AA27-4D91-98D5-9E40B58F3FEB}.Debug|iPhoneSimulator.ActiveCfg = Debug|iPhoneSimulator
		{BDF06564-AA27-4D91-98D5-9E40B58F3FEB}.Debug|iPhoneSimulator.Build.0 = Debug|iPhoneSimulator
		{BDF06564-AA27-4D91-98D5-9E40B58F3FEB}.Debug|iPhoneSimulator.Deploy.0 = Debug|iPhoneSimulator
		{BDF06564-AA27-4D91-98D5-9E40B58F3FEB}.Release|Any CPU.ActiveCfg = Release|iPhoneSimulator
		{BDF06564-AA27-4D91-98D5-9E40B58F3FEB}.Release|Any CPU.Build.0 = Release|iPhoneSimulator
		{BDF06564-AA27-4D91-98D5-9E40B58F3FEB}.Release|Any CPU.Deploy.0 = Release|iPhoneSimulator
		{BDF06564-AA27-4D91-98D5-9E40B58F3FEB}.Release|iPhone.ActiveCfg = Release|iPhone
		{BDF06564-AA27-4D91-98D5-9E40B58F3FEB}.Release|iPhone.Build.0 = Release|iPhone
		{BDF06564-AA27-4D91-98D5-9E40B58F3FEB}.Release|iPhone.Deploy.0 = Release|iPhone
		{BDF06564-AA27-4D91-98D5-9E40B58F3FEB}.Release|iPhoneSimulator.ActiveCfg = Release|iPhoneSimulator
		{BDF06564-AA27-4D91-98D5-9E40B58F3FEB}.Release|iPhoneSimulator.Build.0 = Release|iPhoneSimulator
		{BDF06564-AA27-4D91-98D5-9E40B58F3FEB}.Release|iPhoneSimulator.Deploy.0 = Release|iPhoneSimulator
		{903EFC06-5927-4C39-A8E0-A353EA29B88A}.Debug|Any CPU.ActiveCfg = Debug|Any CPU
		{903EFC06-5927-4C39-A8E0-A353EA29B88A}.Debug|Any CPU.Build.0 = Debug|Any CPU
		{903EFC06-5927-4C39-A8E0-A353EA29B88A}.Debug|Any CPU.Deploy.0 = Debug|Any CPU
		{903EFC06-5927-4C39-A8E0-A353EA29B88A}.Debug|iPhone.ActiveCfg = Debug|Any CPU
		{903EFC06-5927-4C39-A8E0-A353EA29B88A}.Debug|iPhone.Build.0 = Debug|Any CPU
		{903EFC06-5927-4C39-A8E0-A353EA29B88A}.Debug|iPhone.Deploy.0 = Debug|Any CPU
		{903EFC06-5927-4C39-A8E0-A353EA29B88A}.Debug|iPhoneSimulator.ActiveCfg = Debug|Any CPU
		{903EFC06-5927-4C39-A8E0-A353EA29B88A}.Debug|iPhoneSimulator.Build.0 = Debug|Any CPU
		{903EFC06-5927-4C39-A8E0-A353EA29B88A}.Debug|iPhoneSimulator.Deploy.0 = Debug|Any CPU
		{903EFC06-5927-4C39-A8E0-A353EA29B88A}.Release|Any CPU.ActiveCfg = Release|Any CPU
		{903EFC06-5927-4C39-A8E0-A353EA29B88A}.Release|Any CPU.Build.0 = Release|Any CPU
		{903EFC06-5927-4C39-A8E0-A353EA29B88A}.Release|Any CPU.Deploy.0 = Release|Any CPU
		{903EFC06-5927-4C39-A8E0-A353EA29B88A}.Release|iPhone.ActiveCfg = Release|Any CPU
		{903EFC06-5927-4C39-A8E0-A353EA29B88A}.Release|iPhone.Build.0 = Release|Any CPU
		{903EFC06-5927-4C39-A8E0-A353EA29B88A}.Release|iPhone.Deploy.0 = Release|Any CPU
		{903EFC06-5927-4C39-A8E0-A353EA29B88A}.Release|iPhoneSimulator.ActiveCfg = Release|Any CPU
		{903EFC06-5927-4C39-A8E0-A353EA29B88A}.Release|iPhoneSimulator.Build.0 = Release|Any CPU
		{903EFC06-5927-4C39-A8E0-A353EA29B88A}.Release|iPhoneSimulator.Deploy.0 = Release|Any CPU
	EndGlobalSection
	GlobalSection(SolutionProperties) = preSolution
		HideSolutionNode = FALSE
	EndGlobalSection
	GlobalSection(ExtensibilityGlobals) = postSolution
		SolutionGuid = {8A07633E-7F1E-4CCB-BA1A-323299551B51}
	EndGlobalSection
EndGlobal
